
Microsoft Visual Studio Solution File, Format Version 12.00
# Visual Studio Version 16
VisualStudioVersion = 16.0.30114.105
MinimumVisualStudioVersion = 10.0.40219.1
Project("{2150E333-8FDC-42A3-9474-1A3956D46DE8}") = "src", "src", "{B33D65D3-430E-4670-B0AA-75DD18A6B60A}"
EndProject
Project("{FAE04EC0-301F-11D3-BF4B-00C04F79EFBC}") = "IdentityServer", "src\IdentityServer\IdentityServer.csproj", "{1604970C-65EC-4113-9505-D9A8F86C9467}"
EndProject
Global
	GlobalSection(SolutionConfigurationPlatforms) = preSolution
		Debug|Any CPU = Debug|Any CPU
		Release|Any CPU = Release|Any CPU
	EndGlobalSection
	GlobalSection(SolutionProperties) = preSolution
		HideSolutionNode = FALSE
	EndGlobalSection
	GlobalSection(ProjectConfigurationPlatforms) = postSolution
		{1604970C-65EC-4113-9505-D9A8F86C9467}.Debug|Any CPU.ActiveCfg = Debug|Any CPU
		{1604970C-65EC-4113-9505-D9A8F86C9467}.Debug|Any CPU.Build.0 = Debug|Any CPU
		{1604970C-65EC-4113-9505-D9A8F86C9467}.Release|Any CPU.ActiveCfg = Release|Any CPU
		{1604970C-65EC-4113-9505-D9A8F86C9467}.Release|Any CPU.Build.0 = Release|Any CPU
	EndGlobalSection
	GlobalSection(NestedProjects) = preSolution
		{1604970C-65EC-4113-9505-D9A8F86C9467} = {B33D65D3-430E-4670-B0AA-75DD18A6B60A}
	EndGlobalSection
EndGlobal
