
Microsoft Visual Studio Solution File, Format Version 12.00
# Visual Studio Version 16
VisualStudioVersion = 16.0.30114.105
MinimumVisualStudioVersion = 10.0.40219.1
Project("{2150E333-8FDC-42A3-9474-1A3956D46DE8}") = "src", "src", "{B33D65D3-430E-4670-B0AA-75DD18A6B60A}"
EndProject
Project("{9A19103F-16F7-4668-BE54-9A1E7A4F7556}") = "IdentityServer", "src\IdentityServer\IdentityServer.csproj", "{1604970C-65EC-4113-9505-D9A8F86C9467}"
EndProject
Project("{9A19103F-16F7-4668-BE54-9A1E7A4F7556}") = "Api", "src\Api\Api.csproj", "{50A59564-F1A0-4E5A-B3FC-3F79FC1D3E99}"
EndProject
Project("{9A19103F-16F7-4668-BE54-9A1E7A4F7556}") = "Client", "src\Client\Client.csproj", "{B8D8DD36-379C-410B-AA36-F66FEBDF1F87}"
EndProject
Project("{FAE04EC0-301F-11D3-BF4B-00C04F79EFBC}") = "MvcClient", "src\MvcClient\MvcClient.csproj", "{263AAA57-E41A-4E4F-A717-F95D5C0D281B}"
EndProject
Global
	GlobalSection(SolutionConfigurationPlatforms) = preSolution
		Debug|Any CPU = Debug|Any CPU
		Release|Any CPU = Release|Any CPU
	EndGlobalSection
	GlobalSection(ProjectConfigurationPlatforms) = postSolution
		{1604970C-65EC-4113-9505-D9A8F86C9467}.Debug|Any CPU.ActiveCfg = Debug|Any CPU
		{1604970C-65EC-4113-9505-D9A8F86C9467}.Debug|Any CPU.Build.0 = Debug|Any CPU
		{1604970C-65EC-4113-9505-D9A8F86C9467}.Release|Any CPU.ActiveCfg = Release|Any CPU
		{1604970C-65EC-4113-9505-D9A8F86C9467}.Release|Any CPU.Build.0 = Release|Any CPU
		{50A59564-F1A0-4E5A-B3FC-3F79FC1D3E99}.Debug|Any CPU.ActiveCfg = Debug|Any CPU
		{50A59564-F1A0-4E5A-B3FC-3F79FC1D3E99}.Debug|Any CPU.Build.0 = Debug|Any CPU
		{50A59564-F1A0-4E5A-B3FC-3F79FC1D3E99}.Release|Any CPU.ActiveCfg = Release|Any CPU
		{50A59564-F1A0-4E5A-B3FC-3F79FC1D3E99}.Release|Any CPU.Build.0 = Release|Any CPU
		{B8D8DD36-379C-410B-AA36-F66FEBDF1F87}.Debug|Any CPU.ActiveCfg = Debug|Any CPU
		{B8D8DD36-379C-410B-AA36-F66FEBDF1F87}.Debug|Any CPU.Build.0 = Debug|Any CPU
		{B8D8DD36-379C-410B-AA36-F66FEBDF1F87}.Release|Any CPU.ActiveCfg = Release|Any CPU
		{B8D8DD36-379C-410B-AA36-F66FEBDF1F87}.Release|Any CPU.Build.0 = Release|Any CPU
		{263AAA57-E41A-4E4F-A717-F95D5C0D281B}.Debug|Any CPU.ActiveCfg = Debug|Any CPU
		{263AAA57-E41A-4E4F-A717-F95D5C0D281B}.Debug|Any CPU.Build.0 = Debug|Any CPU
		{263AAA57-E41A-4E4F-A717-F95D5C0D281B}.Release|Any CPU.ActiveCfg = Release|Any CPU
		{263AAA57-E41A-4E4F-A717-F95D5C0D281B}.Release|Any CPU.Build.0 = Release|Any CPU
	EndGlobalSection
	GlobalSection(SolutionProperties) = preSolution
		HideSolutionNode = FALSE
	EndGlobalSection
	GlobalSection(NestedProjects) = preSolution
		{1604970C-65EC-4113-9505-D9A8F86C9467} = {B33D65D3-430E-4670-B0AA-75DD18A6B60A}
		{50A59564-F1A0-4E5A-B3FC-3F79FC1D3E99} = {B33D65D3-430E-4670-B0AA-75DD18A6B60A}
		{B8D8DD36-379C-410B-AA36-F66FEBDF1F87} = {B33D65D3-430E-4670-B0AA-75DD18A6B60A}
		{263AAA57-E41A-4E4F-A717-F95D5C0D281B} = {B33D65D3-430E-4670-B0AA-75DD18A6B60A}
	EndGlobalSection
	GlobalSection(ExtensibilityGlobals) = postSolution
		SolutionGuid = {E2EFB6B8-5F1C-4EDF-AE2E-C7709FAF4D86}
	EndGlobalSection
EndGlobal
